{
  "name": "dechat",
  "version": "1.0.0",
  "lockfileVersion": 2,
  "requires": true,
  "packages": {
    "": {
      "name": "dechat",
      "version": "1.0.0",
      "license": "ISC",
      "workspaces": [
        "packages\\core",
        "packages\\cli"
      ],
      "devDependencies": {
        "typescript": "^4.8.4"
      }
    },
    "node_modules/@dechat/cli": {
      "resolved": "packages/cli",
      "link": true
    },
    "node_modules/@dechat/core": {
      "resolved": "packages/core",
      "link": true
    },
    "node_modules/typescript": {
      "version": "4.8.4",
      "resolved": "https://registry.npmjs.org/typescript/-/typescript-4.8.4.tgz",
      "integrity": "sha512-QCh+85mCy+h0IGff8r5XWzOVSbBO+KfeYrMQh7NJ58QujwcE22u+NUSmUxqF+un70P9GXKxa2HCNiTTMJknyjQ==",
      "dev": true,
      "bin": {
        "tsc": "bin/tsc",
        "tsserver": "bin/tsserver"
      },
      "engines": {
        "node": ">=4.2.0"
      }
    },
    "packages/cli": {
      "name": "@dechat/cli",
      "version": "1.0.0",
      "license": "ISC",
      "dependencies": {
        "@dechat/core": "^1.0.0"
      }
    },
    "packages/core": {
      "name": "@dechat/core",
      "version": "1.0.0",
      "license": "ISC"
    }
  },
  "dependencies": {
    "@dechat/cli": {
      "version": "file:packages/cli",
      "requires": {
        "@dechat/core": "^1.0.0"
      }
    },
    "@dechat/core": {
      "version": "file:packages/core"
    },
    "typescript": {
      "version": "4.8.4",
      "resolved": "https://registry.npmjs.org/typescript/-/typescript-4.8.4.tgz",
      "integrity": "sha512-QCh+85mCy+h0IGff8r5XWzOVSbBO+KfeYrMQh7NJ58QujwcE22u+NUSmUxqF+un70P9GXKxa2HCNiTTMJknyjQ==",
      "dev": true
    }
  }
}
